
Microsoft Visual Studio Solution File, Format Version 12.00
# Visual Studio Version 16
VisualStudioVersion = 16.0.33328.57
MinimumVisualStudioVersion = 10.0.40219.1
Project("{9A19103F-16F7-4668-BE54-9A1E7A4F7556}") = "2-1", "2-1\2-1.csproj", "{5367AECB-8FE0-4449-8842-0B26C8DFC3C0}"
EndProject
Project("{9A19103F-16F7-4668-BE54-9A1E7A4F7556}") = "2-2", "2-2\2-2.csproj", "{84F11E56-9FCC-4443-A8A4-E9D621351682}"
EndProject
Project("{9A19103F-16F7-4668-BE54-9A1E7A4F7556}") = "2-4", "2-4\2-4.csproj", "{61C8F27F-D205-4E63-8F16-DA0E54C6FBEF}"
EndProject
Project("{FAE04EC0-301F-11D3-BF4B-00C04F79EFBC}") = "2-3", "2-3\2-3.csproj", "{079B3CE5-B974-464C-9BBC-16499B0B9F44}"
EndProject
Project("{FAE04EC0-301F-11D3-BF4B-00C04F79EFBC}") = "2-5", "2-5\2-5.csproj", "{B09539FA-1FEB-44DA-8D73-492E25EB284E}"
EndProject
Project("{FAE04EC0-301F-11D3-BF4B-00C04F79EFBC}") = "2-6", "2-6\2-6.csproj", "{7570E8D5-1BC8-45CA-A259-E9B628A7BC6E}"
EndProject
Project("{FAE04EC0-301F-11D3-BF4B-00C04F79EFBC}") = "2-7", "2-7\2-7.csproj", "{29B1A382-B0C8-4133-BB0D-2C05D4AC9214}"
EndProject
Global
	GlobalSection(SolutionConfigurationPlatforms) = preSolution
		Debug|Any CPU = Debug|Any CPU
		Debug|x64 = Debug|x64
		Debug|x86 = Debug|x86
		Release|Any CPU = Release|Any CPU
		Release|x64 = Release|x64
		Release|x86 = Release|x86
	EndGlobalSection
	GlobalSection(ProjectConfigurationPlatforms) = postSolution
		{5367AECB-8FE0-4449-8842-0B26C8DFC3C0}.Debug|Any CPU.ActiveCfg = Debug|Any CPU
		{5367AECB-8FE0-4449-8842-0B26C8DFC3C0}.Debug|Any CPU.Build.0 = Debug|Any CPU
		{5367AECB-8FE0-4449-8842-0B26C8DFC3C0}.Debug|x64.ActiveCfg = Debug|Any CPU
		{5367AECB-8FE0-4449-8842-0B26C8DFC3C0}.Debug|x64.Build.0 = Debug|Any CPU
		{5367AECB-8FE0-4449-8842-0B26C8DFC3C0}.Debug|x86.ActiveCfg = Debug|Any CPU
		{5367AECB-8FE0-4449-8842-0B26C8DFC3C0}.Debug|x86.Build.0 = Debug|Any CPU
		{5367AECB-8FE0-4449-8842-0B26C8DFC3C0}.Release|Any CPU.ActiveCfg = Release|Any CPU
		{5367AECB-8FE0-4449-8842-0B26C8DFC3C0}.Release|Any CPU.Build.0 = Release|Any CPU
		{5367AECB-8FE0-4449-8842-0B26C8DFC3C0}.Release|x64.ActiveCfg = Release|Any CPU
		{5367AECB-8FE0-4449-8842-0B26C8DFC3C0}.Release|x64.Build.0 = Release|Any CPU
		{5367AECB-8FE0-4449-8842-0B26C8DFC3C0}.Release|x86.ActiveCfg = Release|Any CPU
		{5367AECB-8FE0-4449-8842-0B26C8DFC3C0}.Release|x86.Build.0 = Release|Any CPU
		{84F11E56-9FCC-4443-A8A4-E9D621351682}.Debug|Any CPU.ActiveCfg = Debug|Any CPU
		{84F11E56-9FCC-4443-A8A4-E9D621351682}.Debug|Any CPU.Build.0 = Debug|Any CPU
		{84F11E56-9FCC-4443-A8A4-E9D621351682}.Debug|x64.ActiveCfg = Debug|Any CPU
		{84F11E56-9FCC-4443-A8A4-E9D621351682}.Debug|x64.Build.0 = Debug|Any CPU
		{84F11E56-9FCC-4443-A8A4-E9D621351682}.Debug|x86.ActiveCfg = Debug|Any CPU
		{84F11E56-9FCC-4443-A8A4-E9D621351682}.Debug|x86.Build.0 = Debug|Any CPU
		{84F11E56-9FCC-4443-A8A4-E9D621351682}.Release|Any CPU.ActiveCfg = Release|Any CPU
		{84F11E56-9FCC-4443-A8A4-E9D621351682}.Release|Any CPU.Build.0 = Release|Any CPU
		{84F11E56-9FCC-4443-A8A4-E9D621351682}.Release|x64.ActiveCfg = Release|Any CPU
		{84F11E56-9FCC-4443-A8A4-E9D621351682}.Release|x64.Build.0 = Release|Any CPU
		{84F11E56-9FCC-4443-A8A4-E9D621351682}.Release|x86.ActiveCfg = Release|Any CPU
		{84F11E56-9FCC-4443-A8A4-E9D621351682}.Release|x86.Build.0 = Release|Any CPU
		{61C8F27F-D205-4E63-8F16-DA0E54C6FBEF}.Debug|Any CPU.ActiveCfg = Debug|Any CPU
		{61C8F27F-D205-4E63-8F16-DA0E54C6FBEF}.Debug|Any CPU.Build.0 = Debug|Any CPU
		{61C8F27F-D205-4E63-8F16-DA0E54C6FBEF}.Debug|x64.ActiveCfg = Debug|Any CPU
		{61C8F27F-D205-4E63-8F16-DA0E54C6FBEF}.Debug|x64.Build.0 = Debug|Any CPU
		{61C8F27F-D205-4E63-8F16-DA0E54C6FBEF}.Debug|x86.ActiveCfg = Debug|Any CPU
		{61C8F27F-D205-4E63-8F16-DA0E54C6FBEF}.Debug|x86.Build.0 = Debug|Any CPU
		{61C8F27F-D205-4E63-8F16-DA0E54C6FBEF}.Release|Any CPU.ActiveCfg = Release|Any CPU
		{61C8F27F-D205-4E63-8F16-DA0E54C6FBEF}.Release|Any CPU.Build.0 = Release|Any CPU
		{61C8F27F-D205-4E63-8F16-DA0E54C6FBEF}.Release|x64.ActiveCfg = Release|Any CPU
		{61C8F27F-D205-4E63-8F16-DA0E54C6FBEF}.Release|x64.Build.0 = Release|Any CPU
		{61C8F27F-D205-4E63-8F16-DA0E54C6FBEF}.Release|x86.ActiveCfg = Release|Any CPU
		{61C8F27F-D205-4E63-8F16-DA0E54C6FBEF}.Release|x86.Build.0 = Release|Any CPU
		{079B3CE5-B974-464C-9BBC-16499B0B9F44}.Debug|Any CPU.ActiveCfg = Debug|Any CPU
		{079B3CE5-B974-464C-9BBC-16499B0B9F44}.Debug|Any CPU.Build.0 = Debug|Any CPU
		{079B3CE5-B974-464C-9BBC-16499B0B9F44}.Debug|x64.ActiveCfg = Debug|Any CPU
		{079B3CE5-B974-464C-9BBC-16499B0B9F44}.Debug|x64.Build.0 = Debug|Any CPU
		{079B3CE5-B974-464C-9BBC-16499B0B9F44}.Debug|x86.ActiveCfg = Debug|Any CPU
		{079B3CE5-B974-464C-9BBC-16499B0B9F44}.Debug|x86.Build.0 = Debug|Any CPU
		{079B3CE5-B974-464C-9BBC-16499B0B9F44}.Release|Any CPU.ActiveCfg = Release|Any CPU
		{079B3CE5-B974-464C-9BBC-16499B0B9F44}.Release|Any CPU.Build.0 = Release|Any CPU
		{079B3CE5-B974-464C-9BBC-16499B0B9F44}.Release|x64.ActiveCfg = Release|Any CPU
		{079B3CE5-B974-464C-9BBC-16499B0B9F44}.Release|x64.Build.0 = Release|Any CPU
		{079B3CE5-B974-464C-9BBC-16499B0B9F44}.Release|x86.ActiveCfg = Release|Any CPU
		{079B3CE5-B974-464C-9BBC-16499B0B9F44}.Release|x86.Build.0 = Release|Any CPU
		{B09539FA-1FEB-44DA-8D73-492E25EB284E}.Debug|Any CPU.ActiveCfg = Debug|Any CPU
		{B09539FA-1FEB-44DA-8D73-492E25EB284E}.Debug|Any CPU.Build.0 = Debug|Any CPU
		{B09539FA-1FEB-44DA-8D73-492E25EB284E}.Debug|x64.ActiveCfg = Debug|Any CPU
		{B09539FA-1FEB-44DA-8D73-492E25EB284E}.Debug|x64.Build.0 = Debug|Any CPU
		{B09539FA-1FEB-44DA-8D73-492E25EB284E}.Debug|x86.ActiveCfg = Debug|Any CPU
		{B09539FA-1FEB-44DA-8D73-492E25EB284E}.Debug|x86.Build.0 = Debug|Any CPU
		{B09539FA-1FEB-44DA-8D73-492E25EB284E}.Release|Any CPU.ActiveCfg = Release|Any CPU
		{B09539FA-1FEB-44DA-8D73-492E25EB284E}.Release|Any CPU.Build.0 = Release|Any CPU
		{B09539FA-1FEB-44DA-8D73-492E25EB284E}.Release|x64.ActiveCfg = Release|Any CPU
		{B09539FA-1FEB-44DA-8D73-492E25EB284E}.Release|x64.Build.0 = Release|Any CPU
		{B09539FA-1FEB-44DA-8D73-492E25EB284E}.Release|x86.ActiveCfg = Release|Any CPU
		{B09539FA-1FEB-44DA-8D73-492E25EB284E}.Release|x86.Build.0 = Release|Any CPU
		{7570E8D5-1BC8-45CA-A259-E9B628A7BC6E}.Debug|Any CPU.ActiveCfg = Debug|Any CPU
		{7570E8D5-1BC8-45CA-A259-E9B628A7BC6E}.Debug|Any CPU.Build.0 = Debug|Any CPU
		{7570E8D5-1BC8-45CA-A259-E9B628A7BC6E}.Debug|x64.ActiveCfg = Debug|Any CPU
		{7570E8D5-1BC8-45CA-A259-E9B628A7BC6E}.Debug|x64.Build.0 = Debug|Any CPU
		{7570E8D5-1BC8-45CA-A259-E9B628A7BC6E}.Debug|x86.ActiveCfg = Debug|Any CPU
		{7570E8D5-1BC8-45CA-A259-E9B628A7BC6E}.Debug|x86.Build.0 = Debug|Any CPU
		{7570E8D5-1BC8-45CA-A259-E9B628A7BC6E}.Release|Any CPU.ActiveCfg = Release|Any CPU
		{7570E8D5-1BC8-45CA-A259-E9B628A7BC6E}.Release|Any CPU.Build.0 = Release|Any CPU
		{7570E8D5-1BC8-45CA-A259-E9B628A7BC6E}.Release|x64.ActiveCfg = Release|Any CPU
		{7570E8D5-1BC8-45CA-A259-E9B628A7BC6E}.Release|x64.Build.0 = Release|Any CPU
		{7570E8D5-1BC8-45CA-A259-E9B628A7BC6E}.Release|x86.ActiveCfg = Release|Any CPU
		{7570E8D5-1BC8-45CA-A259-E9B628A7BC6E}.Release|x86.Build.0 = Release|Any CPU
		{29B1A382-B0C8-4133-BB0D-2C05D4AC9214}.Debug|Any CPU.ActiveCfg = Debug|Any CPU
		{29B1A382-B0C8-4133-BB0D-2C05D4AC9214}.Debug|Any CPU.Build.0 = Debug|Any CPU
		{29B1A382-B0C8-4133-BB0D-2C05D4AC9214}.Debug|x64.ActiveCfg = Debug|Any CPU
		{29B1A382-B0C8-4133-BB0D-2C05D4AC9214}.Debug|x64.Build.0 = Debug|Any CPU
		{29B1A382-B0C8-4133-BB0D-2C05D4AC9214}.Debug|x86.ActiveCfg = Debug|Any CPU
		{29B1A382-B0C8-4133-BB0D-2C05D4AC9214}.Debug|x86.Build.0 = Debug|Any CPU
		{29B1A382-B0C8-4133-BB0D-2C05D4AC9214}.Release|Any CPU.ActiveCfg = Release|Any CPU
		{29B1A382-B0C8-4133-BB0D-2C05D4AC9214}.Release|Any CPU.Build.0 = Release|Any CPU
		{29B1A382-B0C8-4133-BB0D-2C05D4AC9214}.Release|x64.ActiveCfg = Release|Any CPU
		{29B1A382-B0C8-4133-BB0D-2C05D4AC9214}.Release|x64.Build.0 = Release|Any CPU
		{29B1A382-B0C8-4133-BB0D-2C05D4AC9214}.Release|x86.ActiveCfg = Release|Any CPU
		{29B1A382-B0C8-4133-BB0D-2C05D4AC9214}.Release|x86.Build.0 = Release|Any CPU
	EndGlobalSection
	GlobalSection(SolutionProperties) = preSolution
		HideSolutionNode = FALSE
	EndGlobalSection
	GlobalSection(ExtensibilityGlobals) = postSolution
		SolutionGuid = {C57B4BF5-8F9F-4002-B899-23A1E23FC0E3}
	EndGlobalSection
EndGlobal
